
Microsoft Visual Studio Solution File, Format Version 12.00
# Visual Studio 15
VisualStudioVersion = 15.0.28307.1340
MinimumVisualStudioVersion = 10.0.40219.1
Project("{FAE04EC0-301F-11D3-BF4B-00C04F79EFBC}") = "Control_Panel", "Control_Panel\Control_Panel.csproj", "{A8CA1F70-9D4A-479E-947D-E620AA85F302}"
EndProject
Global
	GlobalSection(SolutionConfigurationPlatforms) = preSolution
		Debug|Any CPU = Debug|Any CPU
		Release|Any CPU = Release|Any CPU
	EndGlobalSection
	GlobalSection(ProjectConfigurationPlatforms) = postSolution
		{A8CA1F70-9D4A-479E-947D-E620AA85F302}.Debug|Any CPU.ActiveCfg = Debug|Any CPU
		{A8CA1F70-9D4A-479E-947D-E620AA85F302}.Debug|Any CPU.Build.0 = Debug|Any CPU
		{A8CA1F70-9D4A-479E-947D-E620AA85F302}.Release|Any CPU.ActiveCfg = Release|Any CPU
		{A8CA1F70-9D4A-479E-947D-E620AA85F302}.Release|Any CPU.Build.0 = Release|Any CPU
	EndGlobalSection
	GlobalSection(SolutionProperties) = preSolution
		HideSolutionNode = FALSE
	EndGlobalSection
	GlobalSection(ExtensibilityGlobals) = postSolution
		SolutionGuid = {7A4388CC-F863-4B79-8017-237ABD1BE08E}
	EndGlobalSection
EndGlobal
